// !$*UTF8*$!
{
	archiveVersion = 1;
	classes = {
	};
	objectVersion = 56;
	objects = {

/* Begin PBXBuildFile section */
		3650C2B42C32904D008B305D /* BorderBgModifier.swift in Sources */ = {isa = PBXBuildFile; fileRef = 3650C2B32C32904D008B305D /* BorderBgModifier.swift */; };
		3650C2B72C32C45D008B305D /* Kingfisher in Frameworks */ = {isa = PBXBuildFile; productRef = 3650C2B62C32C45D008B305D /* Kingfisher */; };
		3650C2BA2C32C4A0008B305D /* SDWebImageSwiftUI in Frameworks */ = {isa = PBXBuildFile; productRef = 3650C2B92C32C4A0008B305D /* SDWebImageSwiftUI */; };
		3650C2BD2C342772008B305D /* RestaurantPhotosView.swift in Sources */ = {isa = PBXBuildFile; fileRef = 3650C2BC2C342772008B305D /* RestaurantPhotosView.swift */; };
		3699FA372C2E98D1008511AA /* TravelingApp_BootcampApp.swift in Sources */ = {isa = PBXBuildFile; fileRef = 3699FA362C2E98D1008511AA /* TravelingApp_BootcampApp.swift */; };
		3699FA392C2E98D1008511AA /* DiscoverView.swift in Sources */ = {isa = PBXBuildFile; fileRef = 3699FA382C2E98D1008511AA /* DiscoverView.swift */; };
		3699FA3B2C2E98D2008511AA /* Assets.xcassets in Resources */ = {isa = PBXBuildFile; fileRef = 3699FA3A2C2E98D2008511AA /* Assets.xcassets */; };
		3699FA3E2C2E98D2008511AA /* Preview Assets.xcassets in Resources */ = {isa = PBXBuildFile; fileRef = 3699FA3D2C2E98D2008511AA /* Preview Assets.xcassets */; };
		3699FA482C2EFEF3008511AA /* PopularDestinationView.swift in Sources */ = {isa = PBXBuildFile; fileRef = 3699FA472C2EFEF3008511AA /* PopularDestinationView.swift */; };
		3699FA4A2C2EFFA6008511AA /* TrendingCreatorsView.swift in Sources */ = {isa = PBXBuildFile; fileRef = 3699FA492C2EFFA6008511AA /* TrendingCreatorsView.swift */; };
		3699FA4C2C2EFFE3008511AA /* PopularRestaurantsView.swift in Sources */ = {isa = PBXBuildFile; fileRef = 3699FA4B2C2EFFE3008511AA /* PopularRestaurantsView.swift */; };
		3699FA4E2C2F002C008511AA /* DiscoverCategoryView.swift in Sources */ = {isa = PBXBuildFile; fileRef = 3699FA4D2C2F002C008511AA /* DiscoverCategoryView.swift */; };
/* End PBXBuildFile section */

/* Begin PBXFileReference section */
		3650C2B32C32904D008B305D /* BorderBgModifier.swift */ = {isa = PBXFileReference; lastKnownFileType = sourcecode.swift; path = BorderBgModifier.swift; sourceTree = "<group>"; };
		3650C2BC2C342772008B305D /* RestaurantPhotosView.swift */ = {isa = PBXFileReference; lastKnownFileType = sourcecode.swift; path = RestaurantPhotosView.swift; sourceTree = "<group>"; };
		3699FA332C2E98D1008511AA /* TravelingApp-Bootcamp.app */ = {isa = PBXFileReference; explicitFileType = wrapper.application; includeInIndex = 0; path = "TravelingApp-Bootcamp.app"; sourceTree = BUILT_PRODUCTS_DIR; };
		3699FA362C2E98D1008511AA /* TravelingApp_BootcampApp.swift */ = {isa = PBXFileReference; lastKnownFileType = sourcecode.swift; path = TravelingApp_BootcampApp.swift; sourceTree = "<group>"; };
		3699FA382C2E98D1008511AA /* DiscoverView.swift */ = {isa = PBXFileReference; lastKnownFileType = sourcecode.swift; path = DiscoverView.swift; sourceTree = "<group>"; };
		3699FA3A2C2E98D2008511AA /* Assets.xcassets */ = {isa = PBXFileReference; lastKnownFileType = folder.assetcatalog; path = Assets.xcassets; sourceTree = "<group>"; };
		3699FA3D2C2E98D2008511AA /* Preview Assets.xcassets */ = {isa = PBXFileReference; lastKnownFileType = folder.assetcatalog; path = "Preview Assets.xcassets"; sourceTree = "<group>"; };
		3699FA472C2EFEF3008511AA /* PopularDestinationView.swift */ = {isa = PBXFileReference; lastKnownFileType = sourcecode.swift; path = PopularDestinationView.swift; sourceTree = "<group>"; };
		3699FA492C2EFFA6008511AA /* TrendingCreatorsView.swift */ = {isa = PBXFileReference; lastKnownFileType = sourcecode.swift; path = TrendingCreatorsView.swift; sourceTree = "<group>"; };
		3699FA4B2C2EFFE3008511AA /* PopularRestaurantsView.swift */ = {isa = PBXFileReference; lastKnownFileType = sourcecode.swift; path = PopularRestaurantsView.swift; sourceTree = "<group>"; };
		3699FA4D2C2F002C008511AA /* DiscoverCategoryView.swift */ = {isa = PBXFileReference; lastKnownFileType = sourcecode.swift; path = DiscoverCategoryView.swift; sourceTree = "<group>"; };
/* End PBXFileReference section */

/* Begin PBXFrameworksBuildPhase section */
		3699FA302C2E98D1008511AA /* Frameworks */ = {
			isa = PBXFrameworksBuildPhase;
			buildActionMask = 2147483647;
			files = (
				3650C2BA2C32C4A0008B305D /* SDWebImageSwiftUI in Frameworks */,
				3650C2B72C32C45D008B305D /* Kingfisher in Frameworks */,
			);
			runOnlyForDeploymentPostprocessing = 0;
		};
/* End PBXFrameworksBuildPhase section */

/* Begin PBXGroup section */
		3650C2AE2C328E53008B305D /* Utilities */ = {
			isa = PBXGroup;
			children = (
				3650C2B32C32904D008B305D /* BorderBgModifier.swift */,
			);
			path = Utilities;
			sourceTree = "<group>";
		};
		3650C2BB2C342715008B305D /* Restaurant */ = {
			isa = PBXGroup;
			children = (
				3699FA4B2C2EFFE3008511AA /* PopularRestaurantsView.swift */,
				3650C2BC2C342772008B305D /* RestaurantPhotosView.swift */,
			);
			path = Restaurant;
			sourceTree = "<group>";
		};
		3699FA2A2C2E98D1008511AA = {
			isa = PBXGroup;
			children = (
				3699FA352C2E98D1008511AA /* TravelingApp-Bootcamp */,
				3699FA452C2E98F9008511AA /* App Views */,
				3699FA442C2E98E8008511AA /* Components */,
				3699FA342C2E98D1008511AA /* Products */,
			);
			sourceTree = "<group>";
		};
		3699FA342C2E98D1008511AA /* Products */ = {
			isa = PBXGroup;
			children = (
				3699FA332C2E98D1008511AA /* TravelingApp-Bootcamp.app */,
			);
			name = Products;
			sourceTree = "<group>";
		};
		3699FA352C2E98D1008511AA /* TravelingApp-Bootcamp */ = {
			isa = PBXGroup;
			children = (
				3650C2AE2C328E53008B305D /* Utilities */,
				3699FA462C2EFCDE008511AA /* Discover */,
				3699FA362C2E98D1008511AA /* TravelingApp_BootcampApp.swift */,
				3699FA3A2C2E98D2008511AA /* Assets.xcassets */,
				3699FA3C2C2E98D2008511AA /* Preview Content */,
			);
			path = "TravelingApp-Bootcamp";
			sourceTree = "<group>";
		};
		3699FA3C2C2E98D2008511AA /* Preview Content */ = {
			isa = PBXGroup;
			children = (
				3699FA3D2C2E98D2008511AA /* Preview Assets.xcassets */,
			);
			path = "Preview Content";
			sourceTree = "<group>";
		};
		3699FA442C2E98E8008511AA /* Components */ = {
			isa = PBXGroup;
			children = (
			);
			path = Components;
			sourceTree = "<group>";
		};
		3699FA452C2E98F9008511AA /* App Views */ = {
			isa = PBXGroup;
			children = (
			);
			path = "App Views";
			sourceTree = "<group>";
		};
		3699FA462C2EFCDE008511AA /* Discover */ = {
			isa = PBXGroup;
			children = (
				3699FA382C2E98D1008511AA /* DiscoverView.swift */,
				3699FA472C2EFEF3008511AA /* PopularDestinationView.swift */,
				3699FA492C2EFFA6008511AA /* TrendingCreatorsView.swift */,
				3650C2BB2C342715008B305D /* Restaurant */,
				3699FA4D2C2F002C008511AA /* DiscoverCategoryView.swift */,
			);
			path = Discover;
			sourceTree = "<group>";
		};
/* End PBXGroup section */

/* Begin PBXNativeTarget section */
		3699FA322C2E98D1008511AA /* TravelingApp-Bootcamp */ = {
			isa = PBXNativeTarget;
			buildConfigurationList = 3699FA412C2E98D2008511AA /* Build configuration list for PBXNativeTarget "TravelingApp-Bootcamp" */;
			buildPhases = (
				3699FA2F2C2E98D1008511AA /* Sources */,
				3699FA302C2E98D1008511AA /* Frameworks */,
				3699FA312C2E98D1008511AA /* Resources */,
			);
			buildRules = (
			);
			dependencies = (
			);
			name = "TravelingApp-Bootcamp";
			packageProductDependencies = (
				3650C2B62C32C45D008B305D /* Kingfisher */,
				3650C2B92C32C4A0008B305D /* SDWebImageSwiftUI */,
			);
			productName = "TravelingApp-Bootcamp";
			productReference = 3699FA332C2E98D1008511AA /* TravelingApp-Bootcamp.app */;
			productType = "com.apple.product-type.application";
		};
/* End PBXNativeTarget section */

/* Begin PBXProject section */
		3699FA2B2C2E98D1008511AA /* Project object */ = {
			isa = PBXProject;
			attributes = {
				BuildIndependentTargetsInParallel = 1;
				LastSwiftUpdateCheck = 1420;
				LastUpgradeCheck = 1420;
				TargetAttributes = {
					3699FA322C2E98D1008511AA = {
						CreatedOnToolsVersion = 14.2;
					};
				};
			};
			buildConfigurationList = 3699FA2E2C2E98D1008511AA /* Build configuration list for PBXProject "TravelingApp-Bootcamp" */;
			compatibilityVersion = "Xcode 14.0";
			developmentRegion = en;
			hasScannedForEncodings = 0;
			knownRegions = (
				en,
				Base,
			);
			mainGroup = 3699FA2A2C2E98D1008511AA;
			packageReferences = (
				3650C2B52C32C45D008B305D /* XCRemoteSwiftPackageReference "Kingfisher" */,
				3650C2B82C32C4A0008B305D /* XCRemoteSwiftPackageReference "SDWebImageSwiftUI" */,
			);
			productRefGroup = 3699FA342C2E98D1008511AA /* Products */;
			projectDirPath = "";
			projectRoot = "";
			targets = (
				3699FA322C2E98D1008511AA /* TravelingApp-Bootcamp */,
			);
		};
/* End PBXProject section */

/* Begin PBXResourcesBuildPhase section */
		3699FA312C2E98D1008511AA /* Resources */ = {
			isa = PBXResourcesBuildPhase;
			buildActionMask = 2147483647;
			files = (
				3699FA3E2C2E98D2008511AA /* Preview Assets.xcassets in Resources */,
				3699FA3B2C2E98D2008511AA /* Assets.xcassets in Resources */,
			);
			runOnlyForDeploymentPostprocessing = 0;
		};
/* End PBXResourcesBuildPhase section */

/* Begin PBXSourcesBuildPhase section */
		3699FA2F2C2E98D1008511AA /* Sources */ = {
			isa = PBXSourcesBuildPhase;
			buildActionMask = 2147483647;
			files = (
				3699FA4C2C2EFFE3008511AA /* PopularRestaurantsView.swift in Sources */,
				3650C2B42C32904D008B305D /* BorderBgModifier.swift in Sources */,
				3699FA392C2E98D1008511AA /* DiscoverView.swift in Sources */,
				3699FA372C2E98D1008511AA /* TravelingApp_BootcampApp.swift in Sources */,
				3699FA4A2C2EFFA6008511AA /* TrendingCreatorsView.swift in Sources */,
				3699FA482C2EFEF3008511AA /* PopularDestinationView.swift in Sources */,
				3650C2BD2C342772008B305D /* RestaurantPhotosView.swift in Sources */,
				3699FA4E2C2F002C008511AA /* DiscoverCategoryView.swift in Sources */,
			);
			runOnlyForDeploymentPostprocessing = 0;
		};
/* End PBXSourcesBuildPhase section */

/* Begin XCBuildConfiguration section */
		3699FA3F2C2E98D2008511AA /* Debug */ = {
			isa = XCBuildConfiguration;
			buildSettings = {
				ALWAYS_SEARCH_USER_PATHS = NO;
				CLANG_ANALYZER_NONNULL = YES;
				CLANG_ANALYZER_NUMBER_OBJECT_CONVERSION = YES_AGGRESSIVE;
				CLANG_CXX_LANGUAGE_STANDARD = "gnu++20";
				CLANG_ENABLE_MODULES = YES;
				CLANG_ENABLE_OBJC_ARC = YES;
				CLANG_ENABLE_OBJC_WEAK = YES;
				CLANG_WARN_BLOCK_CAPTURE_AUTORELEASING = YES;
				CLANG_WARN_BOOL_CONVERSION = YES;
				CLANG_WARN_COMMA = YES;
				CLANG_WARN_CONSTANT_CONVERSION = YES;
				CLANG_WARN_DEPRECATED_OBJC_IMPLEMENTATIONS = YES;
				CLANG_WARN_DIRECT_OBJC_ISA_USAGE = YES_ERROR;
				CLANG_WARN_DOCUMENTATION_COMMENTS = YES;
				CLANG_WARN_EMPTY_BODY = YES;
				CLANG_WARN_ENUM_CONVERSION = YES;
				CLANG_WARN_INFINITE_RECURSION = YES;
				CLANG_WARN_INT_CONVERSION = YES;
				CLANG_WARN_NON_LITERAL_NULL_CONVERSION = YES;
				CLANG_WARN_OBJC_IMPLICIT_RETAIN_SELF = YES;
				CLANG_WARN_OBJC_LITERAL_CONVERSION = YES;
				CLANG_WARN_OBJC_ROOT_CLASS = YES_ERROR;
				CLANG_WARN_QUOTED_INCLUDE_IN_FRAMEWORK_HEADER = YES;
				CLANG_WARN_RANGE_LOOP_ANALYSIS = YES;
				CLANG_WARN_STRICT_PROTOTYPES = YES;
				CLANG_WARN_SUSPICIOUS_MOVE = YES;
				CLANG_WARN_UNGUARDED_AVAILABILITY = YES_AGGRESSIVE;
				CLANG_WARN_UNREACHABLE_CODE = YES;
				CLANG_WARN__DUPLICATE_METHOD_MATCH = YES;
				COPY_PHASE_STRIP = NO;
				DEBUG_INFORMATION_FORMAT = dwarf;
				ENABLE_STRICT_OBJC_MSGSEND = YES;
				ENABLE_TESTABILITY = YES;
				GCC_C_LANGUAGE_STANDARD = gnu11;
				GCC_DYNAMIC_NO_PIC = NO;
				GCC_NO_COMMON_BLOCKS = YES;
				GCC_OPTIMIZATION_LEVEL = 0;
				GCC_PREPROCESSOR_DEFINITIONS = (
					"DEBUG=1",
					"$(inherited)",
				);
				GCC_WARN_64_TO_32_BIT_CONVERSION = YES;
				GCC_WARN_ABOUT_RETURN_TYPE = YES_ERROR;
				GCC_WARN_UNDECLARED_SELECTOR = YES;
				GCC_WARN_UNINITIALIZED_AUTOS = YES_AGGRESSIVE;
				GCC_WARN_UNUSED_FUNCTION = YES;
				GCC_WARN_UNUSED_VARIABLE = YES;
				IPHONEOS_DEPLOYMENT_TARGET = 16.2;
				MTL_ENABLE_DEBUG_INFO = INCLUDE_SOURCE;
				MTL_FAST_MATH = YES;
				ONLY_ACTIVE_ARCH = YES;
				SDKROOT = iphoneos;
				SWIFT_ACTIVE_COMPILATION_CONDITIONS = DEBUG;
				SWIFT_OPTIMIZATION_LEVEL = "-Onone";
			};
			name = Debug;
		};
		3699FA402C2E98D2008511AA /* Release */ = {
			isa = XCBuildConfiguration;
			buildSettings = {
				ALWAYS_SEARCH_USER_PATHS = NO;
				CLANG_ANALYZER_NONNULL = YES;
				CLANG_ANALYZER_NUMBER_OBJECT_CONVERSION = YES_AGGRESSIVE;
				CLANG_CXX_LANGUAGE_STANDARD = "gnu++20";
				CLANG_ENABLE_MODULES = YES;
				CLANG_ENABLE_OBJC_ARC = YES;
				CLANG_ENABLE_OBJC_WEAK = YES;
				CLANG_WARN_BLOCK_CAPTURE_AUTORELEASING = YES;
				CLANG_WARN_BOOL_CONVERSION = YES;
				CLANG_WARN_COMMA = YES;
				CLANG_WARN_CONSTANT_CONVERSION = YES;
				CLANG_WARN_DEPRECATED_OBJC_IMPLEMENTATIONS = YES;
				CLANG_WARN_DIRECT_OBJC_ISA_USAGE = YES_ERROR;
				CLANG_WARN_DOCUMENTATION_COMMENTS = YES;
				CLANG_WARN_EMPTY_BODY = YES;
				CLANG_WARN_ENUM_CONVERSION = YES;
				CLANG_WARN_INFINITE_RECURSION = YES;
				CLANG_WARN_INT_CONVERSION = YES;
				CLANG_WARN_NON_LITERAL_NULL_CONVERSION = YES;
				CLANG_WARN_OBJC_IMPLICIT_RETAIN_SELF = YES;
				CLANG_WARN_OBJC_LITERAL_CONVERSION = YES;
				CLANG_WARN_OBJC_ROOT_CLASS = YES_ERROR;
				CLANG_WARN_QUOTED_INCLUDE_IN_FRAMEWORK_HEADER = YES;
				CLANG_WARN_RANGE_LOOP_ANALYSIS = YES;
				CLANG_WARN_STRICT_PROTOTYPES = YES;
				CLANG_WARN_SUSPICIOUS_MOVE = YES;
				CLANG_WARN_UNGUARDED_AVAILABILITY = YES_AGGRESSIVE;
				CLANG_WARN_UNREACHABLE_CODE = YES;
				CLANG_WARN__DUPLICATE_METHOD_MATCH = YES;
				COPY_PHASE_STRIP = NO;
				DEBUG_INFORMATION_FORMAT = "dwarf-with-dsym";
				ENABLE_NS_ASSERTIONS = NO;
				ENABLE_STRICT_OBJC_MSGSEND = YES;
				GCC_C_LANGUAGE_STANDARD = gnu11;
				GCC_NO_COMMON_BLOCKS = YES;
				GCC_WARN_64_TO_32_BIT_CONVERSION = YES;
				GCC_WARN_ABOUT_RETURN_TYPE = YES_ERROR;
				GCC_WARN_UNDECLARED_SELECTOR = YES;
				GCC_WARN_UNINITIALIZED_AUTOS = YES_AGGRESSIVE;
				GCC_WARN_UNUSED_FUNCTION = YES;
				GCC_WARN_UNUSED_VARIABLE = YES;
				IPHONEOS_DEPLOYMENT_TARGET = 16.2;
				MTL_ENABLE_DEBUG_INFO = NO;
				MTL_FAST_MATH = YES;
				SDKROOT = iphoneos;
				SWIFT_COMPILATION_MODE = wholemodule;
				SWIFT_OPTIMIZATION_LEVEL = "-O";
				VALIDATE_PRODUCT = YES;
			};
			name = Release;
		};
		3699FA422C2E98D2008511AA /* Debug */ = {
			isa = XCBuildConfiguration;
			buildSettings = {
				ASSETCATALOG_COMPILER_APPICON_NAME = AppIcon;
				ASSETCATALOG_COMPILER_GLOBAL_ACCENT_COLOR_NAME = AccentColor;
				CODE_SIGN_STYLE = Automatic;
				CURRENT_PROJECT_VERSION = 1;
				DEVELOPMENT_ASSET_PATHS = "\"TravelingApp-Bootcamp/Preview Content\"";
				ENABLE_PREVIEWS = YES;
				GENERATE_INFOPLIST_FILE = YES;
				INFOPLIST_KEY_UIApplicationSceneManifest_Generation = YES;
				INFOPLIST_KEY_UIApplicationSupportsIndirectInputEvents = YES;
				INFOPLIST_KEY_UILaunchScreen_Generation = YES;
				INFOPLIST_KEY_UISupportedInterfaceOrientations_iPad = "UIInterfaceOrientationPortrait UIInterfaceOrientationPortraitUpsideDown UIInterfaceOrientationLandscapeLeft UIInterfaceOrientationLandscapeRight";
				INFOPLIST_KEY_UISupportedInterfaceOrientations_iPhone = "UIInterfaceOrientationPortrait UIInterfaceOrientationLandscapeLeft UIInterfaceOrientationLandscapeRight";
				LD_RUNPATH_SEARCH_PATHS = (
					"$(inherited)",
					"@executable_path/Frameworks",
				);
				MARKETING_VERSION = 1.0;
				PRODUCT_BUNDLE_IDENTIFIER = "io.designcode.TravelingApp-Bootcamp";
				PRODUCT_NAME = "$(TARGET_NAME)";
				SWIFT_EMIT_LOC_STRINGS = YES;
				SWIFT_VERSION = 5.0;
				TARGETED_DEVICE_FAMILY = "1,2";
			};
			name = Debug;
		};
		3699FA432C2E98D2008511AA /* Release */ = {
			isa = XCBuildConfiguration;
			buildSettings = {
				ASSETCATALOG_COMPILER_APPICON_NAME = AppIcon;
				ASSETCATALOG_COMPILER_GLOBAL_ACCENT_COLOR_NAME = AccentColor;
				CODE_SIGN_STYLE = Automatic;
				CURRENT_PROJECT_VERSION = 1;
				DEVELOPMENT_ASSET_PATHS = "\"TravelingApp-Bootcamp/Preview Content\"";
				ENABLE_PREVIEWS = YES;
				GENERATE_INFOPLIST_FILE = YES;
				INFOPLIST_KEY_UIApplicationSceneManifest_Generation = YES;
				INFOPLIST_KEY_UIApplicationSupportsIndirectInputEvents = YES;
				INFOPLIST_KEY_UILaunchScreen_Generation = YES;
				INFOPLIST_KEY_UISupportedInterfaceOrientations_iPad = "UIInterfaceOrientationPortrait UIInterfaceOrientationPortraitUpsideDown UIInterfaceOrientationLandscapeLeft UIInterfaceOrientationLandscapeRight";
				INFOPLIST_KEY_UISupportedInterfaceOrientations_iPhone = "UIInterfaceOrientationPortrait UIInterfaceOrientationLandscapeLeft UIInterfaceOrientationLandscapeRight";
				LD_RUNPATH_SEARCH_PATHS = (
					"$(inherited)",
					"@executable_path/Frameworks",
				);
				MARKETING_VERSION = 1.0;
				PRODUCT_BUNDLE_IDENTIFIER = "io.designcode.TravelingApp-Bootcamp";
				PRODUCT_NAME = "$(TARGET_NAME)";
				SWIFT_EMIT_LOC_STRINGS = YES;
				SWIFT_VERSION = 5.0;
				TARGETED_DEVICE_FAMILY = "1,2";
			};
			name = Release;
		};
/* End XCBuildConfiguration section */

/* Begin XCConfigurationList section */
		3699FA2E2C2E98D1008511AA /* Build configuration list for PBXProject "TravelingApp-Bootcamp" */ = {
			isa = XCConfigurationList;
			buildConfigurations = (
				3699FA3F2C2E98D2008511AA /* Debug */,
				3699FA402C2E98D2008511AA /* Release */,
			);
			defaultConfigurationIsVisible = 0;
			defaultConfigurationName = Release;
		};
		3699FA412C2E98D2008511AA /* Build configuration list for PBXNativeTarget "TravelingApp-Bootcamp" */ = {
			isa = XCConfigurationList;
			buildConfigurations = (
				3699FA422C2E98D2008511AA /* Debug */,
				3699FA432C2E98D2008511AA /* Release */,
			);
			defaultConfigurationIsVisible = 0;
			defaultConfigurationName = Release;
		};
/* End XCConfigurationList section */

/* Begin XCRemoteSwiftPackageReference section */
		3650C2B52C32C45D008B305D /* XCRemoteSwiftPackageReference "Kingfisher" */ = {
			isa = XCRemoteSwiftPackageReference;
			repositoryURL = "https://github.com/onevcat/Kingfisher";
			requirement = {
				kind = upToNextMajorVersion;
				minimumVersion = 7.0.0;
			};
		};
		3650C2B82C32C4A0008B305D /* XCRemoteSwiftPackageReference "SDWebImageSwiftUI" */ = {
			isa = XCRemoteSwiftPackageReference;
			repositoryURL = "https://github.com/SDWebImage/SDWebImageSwiftUI";
			requirement = {
				kind = upToNextMajorVersion;
				minimumVersion = 3.0.0;
			};
		};
/* End XCRemoteSwiftPackageReference section */

/* Begin XCSwiftPackageProductDependency section */
		3650C2B62C32C45D008B305D /* Kingfisher */ = {
			isa = XCSwiftPackageProductDependency;
			package = 3650C2B52C32C45D008B305D /* XCRemoteSwiftPackageReference "Kingfisher" */;
			productName = Kingfisher;
		};
		3650C2B92C32C4A0008B305D /* SDWebImageSwiftUI */ = {
			isa = XCSwiftPackageProductDependency;
			package = 3650C2B82C32C4A0008B305D /* XCRemoteSwiftPackageReference "SDWebImageSwiftUI" */;
			productName = SDWebImageSwiftUI;
		};
/* End XCSwiftPackageProductDependency section */
	};
	rootObject = 3699FA2B2C2E98D1008511AA /* Project object */;
}
